<?xml version="1.0" encoding="utf-8"?>
<Project ToolsVersion="4.0" xmlns="http://schemas.microsoft.com/developer/msbuild/2003">
  <ItemGroup>
    <Filter Include="Pliki źródłowe">
      <UniqueIdentifier>{4FC737F1-C7A5-4376-A066-2A32D752A2FF}</UniqueIdentifier>
      <Extensions>cpp;c;cc;cxx;c++;cppm;ixx;def;odl;idl;hpj;bat;asm;asmx</Extensions>
    </Filter>
    <Filter Include="Pliki nagłówkowe">
      <UniqueIdentifier>{93995380-89BD-4b04-88EB-625FBE52EBFB}</UniqueIdentifier>
      <Extensions>h;hh;hpp;hxx;h++;hm;inl;inc;ipp;xsd</Extensions>
    </Filter>
    <Filter Include="Pliki zasobów">
      <UniqueIdentifier>{67DA6AB6-F800-4c08-8B7A-83BB121AAD01}</UniqueIdentifier>
      <Extensions>rc;ico;cur;bmp;dlg;rc2;rct;bin;rgs;gif;jpg;jpeg;jpe;resx;tiff;tif;png;wav;mfcribbon-ms</Extensions>
    </Filter>
    <Filter Include="Pliki źródłowe\NewFilter1">
      <UniqueIdentifier>{203fb07a-528f-4c77-a4e0-f9e804373a5d}</UniqueIdentifier>
    </Filter>
  </ItemGroup>
  <ItemGroup>
    <ClInclude Include="Nagłówek.h">
      <Filter>Pliki nagłówkowe</Filter>
    </ClInclude>
    <ClInclude Include="BankAccount.h">
      <Filter>Pliki źródłowe\NewFilter1</Filter>
    </ClInclude>
    <ClInclude Include="ATM.h">
      <Filter>Pliki źródłowe\NewFilter1</Filter>
    </ClInclude>
    <ClInclude Include="ChildBank1.h">
      <Filter>Pliki źródłowe\NewFilter1</Filter>
    </ClInclude>
    <ClInclude Include="ChildBank2.h">
      <Filter>Pliki źródłowe\NewFilter1</Filter>
    </ClInclude>
    <ClInclude Include="ChildATM1.h">
      <Filter>Pliki źródłowe\NewFilter1</Filter>
    </ClInclude>
    <ClInclude Include="ChildATM2.h">
      <Filter>Pliki źródłowe\NewFilter1</Filter>
    </ClInclude>
    <ClInclude Include="getHigherStat.h">
      <Filter>Pliki źródłowe\NewFilter1</Filter>
    </ClInclude>
    <ClInclude Include="StatManager.h">
      <Filter>Pliki źródłowe\NewFilter1</Filter>
    </ClInclude>
    <ClInclude Include="BankNotice.h">
      <Filter>Pliki źródłowe\NewFilter1</Filter>
    </ClInclude>
    <ClInclude Include="BankA.h">
      <Filter>Pliki źródłowe\NewFilter1</Filter>
    </ClInclude>
    <ClInclude Include="BankB.h">
      <Filter>Pliki źródłowe\NewFilter1</Filter>
    </ClInclude>
    <ClInclude Include="Observer.h">
      <Filter>Pliki źródłowe\NewFilter1</Filter>
    </ClInclude>
    <ClInclude Include="BankLogger.h">
      <Filter>Pliki źródłowe\NewFilter1</Filter>
    </ClInclude>
    <ClInclude Include="Subject.h">
      <Filter>Pliki źródłowe\NewFilter1</Filter>
    </ClInclude>
    <ClInclude Include="AccountLogger.h">
      <Filter>Pliki źródłowe\NewFilter1</Filter>
    </ClInclude>
    <ClInclude Include="AccountNotifier.h">
      <Filter>Pliki źródłowe\NewFilter1</Filter>
    </ClInclude>
  </ItemGroup>
  <ItemGroup>
    <ClCompile Include="BankAccount.cpp">
      <Filter>Pliki źródłowe\NewFilter1</Filter>
    </ClCompile>
    <ClCompile Include="ATM.cpp">
      <Filter>Pliki źródłowe\NewFilter1</Filter>
    </ClCompile>
    <ClCompile Include="main.cpp">
      <Filter>Pliki źródłowe\NewFilter1</Filter>
    </ClCompile>
    <ClCompile Include="ChildBank2.cpp">
      <Filter>Pliki źródłowe\NewFilter1</Filter>
    </ClCompile>
    <ClCompile Include="ChildBank1.cpp">
      <Filter>Pliki źródłowe\NewFilter1</Filter>
    </ClCompile>
    <ClCompile Include="ChildATM1.cpp">
      <Filter>Pliki źródłowe\NewFilter1</Filter>
    </ClCompile>
    <ClCompile Include="ChildATM2.cpp">
      <Filter>Pliki źródłowe\NewFilter1</Filter>
    </ClCompile>
    <ClCompile Include="StatManager.cpp">
      <Filter>Pliki źródłowe\NewFilter1</Filter>
    </ClCompile>
    <ClCompile Include="BankNotice.cpp">
      <Filter>Pliki źródłowe\NewFilter1</Filter>
    </ClCompile>
    <ClCompile Include="fortwobank.cpp">
      <Filter>Pliki źródłowe\NewFilter1</Filter>
    </ClCompile>
  </ItemGroup>
</Project>